
Microsoft Visual Studio Solution File, Format Version 12.00
# Visual Studio Version 16
VisualStudioVersion = 16.0.29409.12
MinimumVisualStudioVersion = 10.0.40219.1
Project("{FAE04EC0-301F-11D3-BF4B-00C04F79EFBC}") = "LinqTo_Example", "LinqTo_Example\LinqTo_Example.csproj", "{4CAE99E4-9401-4F52-A682-3ECE163C6A4B}"
EndProject
Global
	GlobalSection(SolutionConfigurationPlatforms) = preSolution
		Debug|Any CPU = Debug|Any CPU
		Release|Any CPU = Release|Any CPU
	EndGlobalSection
	GlobalSection(ProjectConfigurationPlatforms) = postSolution
		{4CAE99E4-9401-4F52-A682-3ECE163C6A4B}.Debug|Any CPU.ActiveCfg = Debug|Any CPU
		{4CAE99E4-9401-4F52-A682-3ECE163C6A4B}.Debug|Any CPU.Build.0 = Debug|Any CPU
		{4CAE99E4-9401-4F52-A682-3ECE163C6A4B}.Release|Any CPU.ActiveCfg = Release|Any CPU
		{4CAE99E4-9401-4F52-A682-3ECE163C6A4B}.Release|Any CPU.Build.0 = Release|Any CPU
	EndGlobalSection
	GlobalSection(SolutionProperties) = preSolution
		HideSolutionNode = FALSE
	EndGlobalSection
	GlobalSection(ExtensibilityGlobals) = postSolution
		SolutionGuid = {B2689073-EE14-4062-905F-0FBB32187D9A}
	EndGlobalSection
EndGlobal
